<?xml version="1.0" encoding="UTF-8" standalone="yes" ?>
<CodeBlocks_project_file>
	<FileVersion major="1" minor="6" />
	<Project>
		<Option title="Sistema de Rotacion Toyota" />
		<Option pch_mode="2" />
		<Option compiler="gcc" />
		<Build>
			<Target title="Debug">
				<Option output="bin/Debug/Sistema de Rotacion Toyota" prefix_auto="1" extension_auto="1" />
				<Option object_output="obj/Debug/" />
				<Option type="1" />
				<Option compiler="gcc" />
				<Compiler>
					<Add option="-g" />
					<Add directory="include" />
				</Compiler>
			</Target>
			<Target title="Release">
				<Option output="bin/Release/Sistema de Rotacion Toyota" prefix_auto="1" extension_auto="1" />
				<Option object_output="obj/Release/" />
				<Option type="1" />
				<Option compiler="gcc" />
				<Compiler>
					<Add option="-O2" />
					<Add directory="include" />
				</Compiler>
				<Linker>
					<Add option="-s" />
				</Linker>
			</Target>
		</Build>
		<Compiler>
			<Add option="-Wall" />
			<Add option="-fexceptions" />
		</Compiler>
		<Unit filename="Empleados.cpp" />
		<Unit filename="Empleados.h" />
		<Unit filename="EmpleadosArchivo.cpp" />
		<Unit filename="EmpleadosArchivo.h" />
		<Unit filename="Fecha.cpp" />
		<Unit filename="Fecha.h" />
		<Unit filename="FuncionArmadoRotacion.cpp" />
		<Unit filename="FuncionArmadoRotacion.h" />
		<Unit filename="Funciones Disponibilidad.cpp" />
		<Unit filename="Funciones Disponibilidad.h" />
		<Unit filename="Funciones Empleados.cpp" />
		<Unit filename="Funciones Empleados.h" />
		<Unit filename="Funciones Globales.cpp" />
		<Unit filename="Funciones Globales.h" />
		<Unit filename="FuncionesHorasTrabajadas.cpp" />
		<Unit filename="FuncionesHorasTrabajadas.h" />
		<Unit filename="Hora.cpp" />
		<Unit filename="Hora.h" />
		<Unit filename="HorasTrabajadas.cpp" />
		<Unit filename="HorasTrabajadas.h" />
		<Unit filename="HorasTrabajadasArchivo.cpp" />
		<Unit filename="HorasTrabajadasArchivo.h" />
		<Unit filename="Licencias.cpp" />
		<Unit filename="Licencias.h" />
		<Unit filename="Menu.cpp" />
		<Unit filename="Menu.h" />
		<Unit filename="MenuHorasTrabajadas.cpp" />
		<Unit filename="MenuHorasTrabajadas.h" />
		<Unit filename="Rotacion.cpp" />
		<Unit filename="Rotacion.h" />
		<Unit filename="SubmenuDisponibilidad.cpp" />
		<Unit filename="SubmenuDisponibilidad.h" />
		<Unit filename="SubmenuEdicionEmpleados.cpp" />
		<Unit filename="SubmenuEdicionEmpleados.h" />
		<Unit filename="SubmenuRotacion.cpp" />
		<Unit filename="SubmenuRotacion.h" />
		<Unit filename="funcionEditarEmpleados.cpp" />
		<Unit filename="funcionEditarEmpleados.h" />
		<Unit filename="main.cpp" />
		<Unit filename="rlutil.h" />
		<Extensions />
	</Project>
</CodeBlocks_project_file>
